// !$*UTF8*$!
{
	archiveVersion = 1;
	classes = {
	};
	objectVersion = 46;
	objects = {

/* Begin PBXBuildFile section */
		9969625D4BD2185D886F7955 /* Pods_SpeakerShare.framework in Frameworks */ = {isa = PBXBuildFile; fileRef = 0D6FFDB9CEA65621A592646A /* Pods_SpeakerShare.framework */; };
		AA021E641F68FEE900ECD773 /* CreateMixtape.swift in Sources */ = {isa = PBXBuildFile; fileRef = AA021E631F68FEE900ECD773 /* CreateMixtape.swift */; };
		AA34B9BE1F70F588007F01AE /* MixViewController.swift in Sources */ = {isa = PBXBuildFile; fileRef = AA34B9BD1F70F588007F01AE /* MixViewController.swift */; };
		AA4E43E71F68E06000B0C456 /* AppDelegate.swift in Sources */ = {isa = PBXBuildFile; fileRef = AA4E43E61F68E06000B0C456 /* AppDelegate.swift */; };
		AA4E43E91F68E06000B0C456 /* ViewController.swift in Sources */ = {isa = PBXBuildFile; fileRef = AA4E43E81F68E06000B0C456 /* ViewController.swift */; };
		AA4E43EC1F68E06000B0C456 /* Main.storyboard in Resources */ = {isa = PBXBuildFile; fileRef = AA4E43EA1F68E06000B0C456 /* Main.storyboard */; };
		AA4E43EE1F68E06000B0C456 /* Assets.xcassets in Resources */ = {isa = PBXBuildFile; fileRef = AA4E43ED1F68E06000B0C456 /* Assets.xcassets */; };
		AA4E43F11F68E06000B0C456 /* LaunchScreen.storyboard in Resources */ = {isa = PBXBuildFile; fileRef = AA4E43EF1F68E06000B0C456 /* LaunchScreen.storyboard */; };
		AA5586FE1F6F7E6500243166 /* SocketIOManager.swift in Sources */ = {isa = PBXBuildFile; fileRef = AA5586FD1F6F7E6500243166 /* SocketIOManager.swift */; };
		AA5587001F6F846900243166 /* Mixtape.swift in Sources */ = {isa = PBXBuildFile; fileRef = AA5586FF1F6F846900243166 /* Mixtape.swift */; };
		AA5587021F6F8E1600243166 /* JoinMixtapeAuth.swift in Sources */ = {isa = PBXBuildFile; fileRef = AA5587011F6F8E1600243166 /* JoinMixtapeAuth.swift */; };
		AA82F81D1F7248BA00535260 /* AddSongViewController.swift in Sources */ = {isa = PBXBuildFile; fileRef = AA82F81C1F7248BA00535260 /* AddSongViewController.swift */; };
		AA82F81F1F7248CE00535260 /* UsersInMixtapeViewController.swift in Sources */ = {isa = PBXBuildFile; fileRef = AA82F81E1F7248CE00535260 /* UsersInMixtapeViewController.swift */; };
		AAA2C2E01F7435CD00794EEF /* LoginScreen.swift in Sources */ = {isa = PBXBuildFile; fileRef = AAA2C2DF1F7435CD00794EEF /* LoginScreen.swift */; };
		AAA2C2E21F7439A500794EEF /* User.swift in Sources */ = {isa = PBXBuildFile; fileRef = AAA2C2E11F7439A500794EEF /* User.swift */; };
/* End PBXBuildFile section */

/* Begin PBXFileReference section */
		0D6FFDB9CEA65621A592646A /* Pods_SpeakerShare.framework */ = {isa = PBXFileReference; explicitFileType = wrapper.framework; includeInIndex = 0; path = Pods_SpeakerShare.framework; sourceTree = BUILT_PRODUCTS_DIR; };
		AA021E631F68FEE900ECD773 /* CreateMixtape.swift */ = {isa = PBXFileReference; fileEncoding = 4; lastKnownFileType = sourcecode.swift; path = CreateMixtape.swift; sourceTree = "<group>"; };
		AA34B9BD1F70F588007F01AE /* MixViewController.swift */ = {isa = PBXFileReference; fileEncoding = 4; lastKnownFileType = sourcecode.swift; name = MixViewController.swift; path = SpeakerShare/MixViewController.swift; sourceTree = "<group>"; };
		AA4E43E31F68E06000B0C456 /* SpeakerShare.app */ = {isa = PBXFileReference; explicitFileType = wrapper.application; includeInIndex = 0; path = SpeakerShare.app; sourceTree = BUILT_PRODUCTS_DIR; };
		AA4E43E61F68E06000B0C456 /* AppDelegate.swift */ = {isa = PBXFileReference; lastKnownFileType = sourcecode.swift; name = AppDelegate.swift; path = SpeakerShare/AppDelegate.swift; sourceTree = "<group>"; };
		AA4E43E81F68E06000B0C456 /* ViewController.swift */ = {isa = PBXFileReference; lastKnownFileType = sourcecode.swift; path = ViewController.swift; sourceTree = "<group>"; };
		AA4E43EB1F68E06000B0C456 /* Base */ = {isa = PBXFileReference; lastKnownFileType = file.storyboard; name = Base; path = Base.lproj/Main.storyboard; sourceTree = "<group>"; };
		AA4E43ED1F68E06000B0C456 /* Assets.xcassets */ = {isa = PBXFileReference; lastKnownFileType = folder.assetcatalog; path = Assets.xcassets; sourceTree = "<group>"; };
		AA4E43F01F68E06000B0C456 /* Base */ = {isa = PBXFileReference; lastKnownFileType = file.storyboard; name = Base; path = Base.lproj/LaunchScreen.storyboard; sourceTree = "<group>"; };
		AA4E43F21F68E06000B0C456 /* Info.plist */ = {isa = PBXFileReference; lastKnownFileType = text.plist.xml; name = Info.plist; path = SpeakerShare/Info.plist; sourceTree = "<group>"; };
		AA5586FD1F6F7E6500243166 /* SocketIOManager.swift */ = {isa = PBXFileReference; fileEncoding = 4; lastKnownFileType = sourcecode.swift; name = SocketIOManager.swift; path = SpeakerShare/SocketIOManager.swift; sourceTree = "<group>"; };
		AA5586FF1F6F846900243166 /* Mixtape.swift */ = {isa = PBXFileReference; fileEncoding = 4; lastKnownFileType = sourcecode.swift; name = Mixtape.swift; path = SpeakerShare/Mixtape.swift; sourceTree = "<group>"; };
		AA5587011F6F8E1600243166 /* JoinMixtapeAuth.swift */ = {isa = PBXFileReference; fileEncoding = 4; lastKnownFileType = sourcecode.swift; path = JoinMixtapeAuth.swift; sourceTree = "<group>"; };
		AA82F81C1F7248BA00535260 /* AddSongViewController.swift */ = {isa = PBXFileReference; fileEncoding = 4; lastKnownFileType = sourcecode.swift; name = AddSongViewController.swift; path = SpeakerShare/AddSongViewController.swift; sourceTree = "<group>"; };
		AA82F81E1F7248CE00535260 /* UsersInMixtapeViewController.swift */ = {isa = PBXFileReference; fileEncoding = 4; lastKnownFileType = sourcecode.swift; name = UsersInMixtapeViewController.swift; path = SpeakerShare/UsersInMixtapeViewController.swift; sourceTree = "<group>"; };
		AAA2C2DF1F7435CD00794EEF /* LoginScreen.swift */ = {isa = PBXFileReference; fileEncoding = 4; lastKnownFileType = sourcecode.swift; path = LoginScreen.swift; sourceTree = "<group>"; };
		AAA2C2E11F7439A500794EEF /* User.swift */ = {isa = PBXFileReference; fileEncoding = 4; lastKnownFileType = sourcecode.swift; path = User.swift; sourceTree = "<group>"; };
		C184EB0DE95671DA41186F76 /* Pods-SpeakerShare.release.xcconfig */ = {isa = PBXFileReference; includeInIndex = 1; lastKnownFileType = text.xcconfig; name = "Pods-SpeakerShare.release.xcconfig"; path = "Pods/Target Support Files/Pods-SpeakerShare/Pods-SpeakerShare.release.xcconfig"; sourceTree = "<group>"; };
		CAEA45AB972E98AF851A788A /* Pods-SpeakerShare.debug.xcconfig */ = {isa = PBXFileReference; includeInIndex = 1; lastKnownFileType = text.xcconfig; name = "Pods-SpeakerShare.debug.xcconfig"; path = "Pods/Target Support Files/Pods-SpeakerShare/Pods-SpeakerShare.debug.xcconfig"; sourceTree = "<group>"; };
/* End PBXFileReference section */

/* Begin PBXFrameworksBuildPhase section */
		AA4E43E01F68E05F00B0C456 /* Frameworks */ = {
			isa = PBXFrameworksBuildPhase;
			buildActionMask = 2147483647;
			files = (
				9969625D4BD2185D886F7955 /* Pods_SpeakerShare.framework in Frameworks */,
			);
			runOnlyForDeploymentPostprocessing = 0;
		};
/* End PBXFrameworksBuildPhase section */

/* Begin PBXGroup section */
		2AD75C7607E00356DC083269 /* Frameworks */ = {
			isa = PBXGroup;
			children = (
				0D6FFDB9CEA65621A592646A /* Pods_SpeakerShare.framework */,
			);
			name = Frameworks;
			sourceTree = "<group>";
		};
		AA4E43DA1F68E05F00B0C456 = {
			isa = PBXGroup;
			children = (
				AA4E43E51F68E06000B0C456 /* SpeakerShare */,
				AA4E43E41F68E06000B0C456 /* Products */,
				E00F72ECC241F2AF8B8D7B80 /* Pods */,
				2AD75C7607E00356DC083269 /* Frameworks */,
			);
			sourceTree = "<group>";
		};
		AA4E43E41F68E06000B0C456 /* Products */ = {
			isa = PBXGroup;
			children = (
				AA4E43E31F68E06000B0C456 /* SpeakerShare.app */,
			);
			name = Products;
			sourceTree = "<group>";
		};
		AA4E43E51F68E06000B0C456 /* SpeakerShare */ = {
			isa = PBXGroup;
			children = (
				AA8069501F724CBD00623C76 /* Project Support Files */,
				AA8069511F724D1C00623C76 /* Socket Management */,
				AA8069521F724D5800623C76 /* Data Structures */,
				AA8069531F724D9900623C76 /* Create and Join Mixes */,
				AA80694F1F724C9B00623C76 /* MixtapeViewControllers */,
				AA4E43EA1F68E06000B0C456 /* Main.storyboard */,
				AA4E43ED1F68E06000B0C456 /* Assets.xcassets */,
			);
			path = SpeakerShare;
			sourceTree = "<group>";
		};
		AA80694F1F724C9B00623C76 /* MixtapeViewControllers */ = {
			isa = PBXGroup;
			children = (
				AA34B9BD1F70F588007F01AE /* MixViewController.swift */,
				AA82F81C1F7248BA00535260 /* AddSongViewController.swift */,
				AA82F81E1F7248CE00535260 /* UsersInMixtapeViewController.swift */,
			);
			name = MixtapeViewControllers;
			path = ..;
			sourceTree = "<group>";
		};
		AA8069501F724CBD00623C76 /* Project Support Files */ = {
			isa = PBXGroup;
			children = (
				AA4E43F21F68E06000B0C456 /* Info.plist */,
				AA4E43E61F68E06000B0C456 /* AppDelegate.swift */,
				AA4E43EF1F68E06000B0C456 /* LaunchScreen.storyboard */,
			);
			name = "Project Support Files";
			path = ..;
			sourceTree = "<group>";
		};
		AA8069511F724D1C00623C76 /* Socket Management */ = {
			isa = PBXGroup;
			children = (
				AA5586FD1F6F7E6500243166 /* SocketIOManager.swift */,
			);
			name = "Socket Management";
			path = ..;
			sourceTree = "<group>";
		};
		AA8069521F724D5800623C76 /* Data Structures */ = {
			isa = PBXGroup;
			children = (
				AA5586FF1F6F846900243166 /* Mixtape.swift */,
				AAA2C2E11F7439A500794EEF /* User.swift */,
			);
			name = "Data Structures";
			path = ..;
			sourceTree = "<group>";
		};
		AA8069531F724D9900623C76 /* Create and Join Mixes */ = {
			isa = PBXGroup;
			children = (
				AAA2C2DF1F7435CD00794EEF /* LoginScreen.swift */,
				AA4E43E81F68E06000B0C456 /* ViewController.swift */,
				AA021E631F68FEE900ECD773 /* CreateMixtape.swift */,
				AA5587011F6F8E1600243166 /* JoinMixtapeAuth.swift */,
			);
			name = "Create and Join Mixes";
			sourceTree = "<group>";
		};
		E00F72ECC241F2AF8B8D7B80 /* Pods */ = {
			isa = PBXGroup;
			children = (
				CAEA45AB972E98AF851A788A /* Pods-SpeakerShare.debug.xcconfig */,
				C184EB0DE95671DA41186F76 /* Pods-SpeakerShare.release.xcconfig */,
			);
			name = Pods;
			sourceTree = "<group>";
		};
/* End PBXGroup section */

/* Begin PBXNativeTarget section */
		AA4E43E21F68E05F00B0C456 /* SpeakerShare */ = {
			isa = PBXNativeTarget;
			buildConfigurationList = AA4E43F51F68E06000B0C456 /* Build configuration list for PBXNativeTarget "SpeakerShare" */;
			buildPhases = (
				33FB82F6A0BAF56BA3D83631 /* [CP] Check Pods Manifest.lock */,
				AA4E43DF1F68E05F00B0C456 /* Sources */,
				AA4E43E01F68E05F00B0C456 /* Frameworks */,
				AA4E43E11F68E05F00B0C456 /* Resources */,
				9E70FD594CDF04BA150F8874 /* [CP] Embed Pods Frameworks */,
				E34ABA42FFC0BACE007EF95D /* [CP] Copy Pods Resources */,
			);
			buildRules = (
			);
			dependencies = (
			);
			name = SpeakerShare;
			productName = SpeakerShare;
			productReference = AA4E43E31F68E06000B0C456 /* SpeakerShare.app */;
			productType = "com.apple.product-type.application";
		};
/* End PBXNativeTarget section */

/* Begin PBXProject section */
		AA4E43DB1F68E05F00B0C456 /* Project object */ = {
			isa = PBXProject;
			attributes = {
				LastSwiftUpdateCheck = 0820;
				LastUpgradeCheck = 0820;
				ORGANIZATIONNAME = "Ethan and Kyle";
				TargetAttributes = {
					AA4E43E21F68E05F00B0C456 = {
						CreatedOnToolsVersion = 8.2.1;
						DevelopmentTeam = U8NHYT7GK8;
						ProvisioningStyle = Automatic;
					};
				};
			};
			buildConfigurationList = AA4E43DE1F68E05F00B0C456 /* Build configuration list for PBXProject "SpeakerShare" */;
			compatibilityVersion = "Xcode 3.2";
			developmentRegion = English;
			hasScannedForEncodings = 0;
			knownRegions = (
				en,
				Base,
			);
			mainGroup = AA4E43DA1F68E05F00B0C456;
			productRefGroup = AA4E43E41F68E06000B0C456 /* Products */;
			projectDirPath = "";
			projectRoot = "";
			targets = (
				AA4E43E21F68E05F00B0C456 /* SpeakerShare */,
			);
		};
/* End PBXProject section */

/* Begin PBXResourcesBuildPhase section */
		AA4E43E11F68E05F00B0C456 /* Resources */ = {
			isa = PBXResourcesBuildPhase;
			buildActionMask = 2147483647;
			files = (
				AA4E43F11F68E06000B0C456 /* LaunchScreen.storyboard in Resources */,
				AA4E43EE1F68E06000B0C456 /* Assets.xcassets in Resources */,
				AA4E43EC1F68E06000B0C456 /* Main.storyboard in Resources */,
			);
			runOnlyForDeploymentPostprocessing = 0;
		};
/* End PBXResourcesBuildPhase section */

/* Begin PBXShellScriptBuildPhase section */
		33FB82F6A0BAF56BA3D83631 /* [CP] Check Pods Manifest.lock */ = {
			isa = PBXShellScriptBuildPhase;
			buildActionMask = 2147483647;
			files = (
			);
			inputPaths = (
			);
			name = "[CP] Check Pods Manifest.lock";
			outputPaths = (
			);
			runOnlyForDeploymentPostprocessing = 0;
			shellPath = /bin/sh;
			shellScript = "diff \"${PODS_ROOT}/../Podfile.lock\" \"${PODS_ROOT}/Manifest.lock\" > /dev/null\nif [ $? != 0 ] ; then\n    # print error to STDERR\n    echo \"error: The sandbox is not in sync with the Podfile.lock. Run 'pod install' or update your CocoaPods installation.\" >&2\n    exit 1\nfi\n";
			showEnvVarsInLog = 0;
		};
		9E70FD594CDF04BA150F8874 /* [CP] Embed Pods Frameworks */ = {
			isa = PBXShellScriptBuildPhase;
			buildActionMask = 2147483647;
			files = (
			);
			inputPaths = (
			);
			name = "[CP] Embed Pods Frameworks";
			outputPaths = (
			);
			runOnlyForDeploymentPostprocessing = 0;
			shellPath = /bin/sh;
			shellScript = "\"${SRCROOT}/Pods/Target Support Files/Pods-SpeakerShare/Pods-SpeakerShare-frameworks.sh\"\n";
			showEnvVarsInLog = 0;
		};
		E34ABA42FFC0BACE007EF95D /* [CP] Copy Pods Resources */ = {
			isa = PBXShellScriptBuildPhase;
			buildActionMask = 2147483647;
			files = (
			);
			inputPaths = (
			);
			name = "[CP] Copy Pods Resources";
			outputPaths = (
			);
			runOnlyForDeploymentPostprocessing = 0;
			shellPath = /bin/sh;
			shellScript = "\"${SRCROOT}/Pods/Target Support Files/Pods-SpeakerShare/Pods-SpeakerShare-resources.sh\"\n";
			showEnvVarsInLog = 0;
		};
/* End PBXShellScriptBuildPhase section */

/* Begin PBXSourcesBuildPhase section */
		AA4E43DF1F68E05F00B0C456 /* Sources */ = {
			isa = PBXSourcesBuildPhase;
			buildActionMask = 2147483647;
			files = (
				AA5586FE1F6F7E6500243166 /* SocketIOManager.swift in Sources */,
				AA34B9BE1F70F588007F01AE /* MixViewController.swift in Sources */,
				AA4E43E91F68E06000B0C456 /* ViewController.swift in Sources */,
				AA4E43E71F68E06000B0C456 /* AppDelegate.swift in Sources */,
				AA5587001F6F846900243166 /* Mixtape.swift in Sources */,
				AA82F81F1F7248CE00535260 /* UsersInMixtapeViewController.swift in Sources */,
				AA82F81D1F7248BA00535260 /* AddSongViewController.swift in Sources */,
				AA5587021F6F8E1600243166 /* JoinMixtapeAuth.swift in Sources */,
				AA021E641F68FEE900ECD773 /* CreateMixtape.swift in Sources */,
				AAA2C2E01F7435CD00794EEF /* LoginScreen.swift in Sources */,
				AAA2C2E21F7439A500794EEF /* User.swift in Sources */,
			);
			runOnlyForDeploymentPostprocessing = 0;
		};
/* End PBXSourcesBuildPhase section */

/* Begin PBXVariantGroup section */
		AA4E43EA1F68E06000B0C456 /* Main.storyboard */ = {
			isa = PBXVariantGroup;
			children = (
				AA4E43EB1F68E06000B0C456 /* Base */,
			);
			name = Main.storyboard;
			sourceTree = "<group>";
		};
		AA4E43EF1F68E06000B0C456 /* LaunchScreen.storyboard */ = {
			isa = PBXVariantGroup;
			children = (
				AA4E43F01F68E06000B0C456 /* Base */,
			);
			name = LaunchScreen.storyboard;
			path = SpeakerShare;
			sourceTree = "<group>";
		};
/* End PBXVariantGroup section */

/* Begin XCBuildConfiguration section */
		AA4E43F31F68E06000B0C456 /* Debug */ = {
			isa = XCBuildConfiguration;
			buildSettings = {
				ALWAYS_SEARCH_USER_PATHS = NO;
				CLANG_ANALYZER_NONNULL = YES;
				CLANG_CXX_LANGUAGE_STANDARD = "gnu++0x";
				CLANG_CXX_LIBRARY = "libc++";
				CLANG_ENABLE_MODULES = YES;
				CLANG_ENABLE_OBJC_ARC = YES;
				CLANG_WARN_BOOL_CONVERSION = YES;
				CLANG_WARN_CONSTANT_CONVERSION = YES;
				CLANG_WARN_DIRECT_OBJC_ISA_USAGE = YES_ERROR;
				CLANG_WARN_DOCUMENTATION_COMMENTS = YES;
				CLANG_WARN_EMPTY_BODY = YES;
				CLANG_WARN_ENUM_CONVERSION = YES;
				CLANG_WARN_INFINITE_RECURSION = YES;
				CLANG_WARN_INT_CONVERSION = YES;
				CLANG_WARN_OBJC_ROOT_CLASS = YES_ERROR;
				CLANG_WARN_SUSPICIOUS_MOVE = YES;
				CLANG_WARN_UNREACHABLE_CODE = YES;
				CLANG_WARN__DUPLICATE_METHOD_MATCH = YES;
				"CODE_SIGN_IDENTITY[sdk=iphoneos*]" = "iPhone Developer";
				COPY_PHASE_STRIP = NO;
				DEBUG_INFORMATION_FORMAT = dwarf;
				ENABLE_STRICT_OBJC_MSGSEND = YES;
				ENABLE_TESTABILITY = YES;
				GCC_C_LANGUAGE_STANDARD = gnu99;
				GCC_DYNAMIC_NO_PIC = NO;
				GCC_NO_COMMON_BLOCKS = YES;
				GCC_OPTIMIZATION_LEVEL = 0;
				GCC_PREPROCESSOR_DEFINITIONS = (
					"DEBUG=1",
					"$(inherited)",
				);
				GCC_WARN_64_TO_32_BIT_CONVERSION = YES;
				GCC_WARN_ABOUT_RETURN_TYPE = YES_ERROR;
				GCC_WARN_UNDECLARED_SELECTOR = YES;
				GCC_WARN_UNINITIALIZED_AUTOS = YES_AGGRESSIVE;
				GCC_WARN_UNUSED_FUNCTION = YES;
				GCC_WARN_UNUSED_VARIABLE = YES;
				IPHONEOS_DEPLOYMENT_TARGET = 10.2;
				MTL_ENABLE_DEBUG_INFO = YES;
				ONLY_ACTIVE_ARCH = YES;
				SDKROOT = iphoneos;
				SWIFT_ACTIVE_COMPILATION_CONDITIONS = DEBUG;
				SWIFT_OPTIMIZATION_LEVEL = "-Onone";
				TARGETED_DEVICE_FAMILY = "1,2";
			};
			name = Debug;
		};
		AA4E43F41F68E06000B0C456 /* Release */ = {
			isa = XCBuildConfiguration;
			buildSettings = {
				ALWAYS_SEARCH_USER_PATHS = NO;
				CLANG_ANALYZER_NONNULL = YES;
				CLANG_CXX_LANGUAGE_STANDARD = "gnu++0x";
				CLANG_CXX_LIBRARY = "libc++";
				CLANG_ENABLE_MODULES = YES;
				CLANG_ENABLE_OBJC_ARC = YES;
				CLANG_WARN_BOOL_CONVERSION = YES;
				CLANG_WARN_CONSTANT_CONVERSION = YES;
				CLANG_WARN_DIRECT_OBJC_ISA_USAGE = YES_ERROR;
				CLANG_WARN_DOCUMENTATION_COMMENTS = YES;
				CLANG_WARN_EMPTY_BODY = YES;
				CLANG_WARN_ENUM_CONVERSION = YES;
				CLANG_WARN_INFINITE_RECURSION = YES;
				CLANG_WARN_INT_CONVERSION = YES;
				CLANG_WARN_OBJC_ROOT_CLASS = YES_ERROR;
				CLANG_WARN_SUSPICIOUS_MOVE = YES;
				CLANG_WARN_UNREACHABLE_CODE = YES;
				CLANG_WARN__DUPLICATE_METHOD_MATCH = YES;
				"CODE_SIGN_IDENTITY[sdk=iphoneos*]" = "iPhone Developer";
				COPY_PHASE_STRIP = NO;
				DEBUG_INFORMATION_FORMAT = "dwarf-with-dsym";
				ENABLE_NS_ASSERTIONS = NO;
				ENABLE_STRICT_OBJC_MSGSEND = YES;
				GCC_C_LANGUAGE_STANDARD = gnu99;
				GCC_NO_COMMON_BLOCKS = YES;
				GCC_WARN_64_TO_32_BIT_CONVERSION = YES;
				GCC_WARN_ABOUT_RETURN_TYPE = YES_ERROR;
				GCC_WARN_UNDECLARED_SELECTOR = YES;
				GCC_WARN_UNINITIALIZED_AUTOS = YES_AGGRESSIVE;
				GCC_WARN_UNUSED_FUNCTION = YES;
				GCC_WARN_UNUSED_VARIABLE = YES;
				IPHONEOS_DEPLOYMENT_TARGET = 10.2;
				MTL_ENABLE_DEBUG_INFO = NO;
				SDKROOT = iphoneos;
				SWIFT_OPTIMIZATION_LEVEL = "-Owholemodule";
				TARGETED_DEVICE_FAMILY = "1,2";
				VALIDATE_PRODUCT = YES;
			};
			name = Release;
		};
		AA4E43F61F68E06000B0C456 /* Debug */ = {
			isa = XCBuildConfiguration;
			baseConfigurationReference = CAEA45AB972E98AF851A788A /* Pods-SpeakerShare.debug.xcconfig */;
			buildSettings = {
				ASSETCATALOG_COMPILER_APPICON_NAME = AppIcon;
				DEVELOPMENT_TEAM = U8NHYT7GK8;
				INFOPLIST_FILE = SpeakerShare/Info.plist;
				LD_RUNPATH_SEARCH_PATHS = "$(inherited) @executable_path/Frameworks";
				PRODUCT_BUNDLE_IDENTIFIER = ethan.kyle.projects.SpeakerShare;
				PRODUCT_NAME = "$(TARGET_NAME)";
				SWIFT_VERSION = 3.0;
			};
			name = Debug;
		};
		AA4E43F71F68E06000B0C456 /* Release */ = {
			isa = XCBuildConfiguration;
			baseConfigurationReference = C184EB0DE95671DA41186F76 /* Pods-SpeakerShare.release.xcconfig */;
			buildSettings = {
				ASSETCATALOG_COMPILER_APPICON_NAME = AppIcon;
				DEVELOPMENT_TEAM = U8NHYT7GK8;
				INFOPLIST_FILE = SpeakerShare/Info.plist;
				LD_RUNPATH_SEARCH_PATHS = "$(inherited) @executable_path/Frameworks";
				PRODUCT_BUNDLE_IDENTIFIER = ethan.kyle.projects.SpeakerShare;
				PRODUCT_NAME = "$(TARGET_NAME)";
				SWIFT_VERSION = 3.0;
			};
			name = Release;
		};
/* End XCBuildConfiguration section */

/* Begin XCConfigurationList section */
		AA4E43DE1F68E05F00B0C456 /* Build configuration list for PBXProject "SpeakerShare" */ = {
			isa = XCConfigurationList;
			buildConfigurations = (
				AA4E43F31F68E06000B0C456 /* Debug */,
				AA4E43F41F68E06000B0C456 /* Release */,
			);
			defaultConfigurationIsVisible = 0;
			defaultConfigurationName = Release;
		};
		AA4E43F51F68E06000B0C456 /* Build configuration list for PBXNativeTarget "SpeakerShare" */ = {
			isa = XCConfigurationList;
			buildConfigurations = (
				AA4E43F61F68E06000B0C456 /* Debug */,
				AA4E43F71F68E06000B0C456 /* Release */,
			);
			defaultConfigurationIsVisible = 0;
			defaultConfigurationName = Release;
		};
/* End XCConfigurationList section */
	};
	rootObject = AA4E43DB1F68E05F00B0C456 /* Project object */;
}
